
Microsoft Visual Studio Solution File, Format Version 12.00
# Visual Studio 15
VisualStudioVersion = 15.0.28307.645
MinimumVisualStudioVersion = 10.0.40219.1
Project("{9A19103F-16F7-4668-BE54-9A1E7A4F7556}") = "YNABCSVToLedger", "YNABCSVToLedger\YNABCSVToLedger.csproj", "{79047F96-E8D1-4472-B82E-C7CBD12F7C8B}"
EndProject
Project("{FAE04EC0-301F-11D3-BF4B-00C04F79EFBC}") = "YNABCSVToLedger.Tests", "YNABCSVToLedger.Tests\YNABCSVToLedger.Tests\YNABCSVToLedger.Tests.csproj", "{B426C8DC-88C4-4E23-B74B-715C106ADE97}"
EndProject
Global
	GlobalSection(SolutionConfigurationPlatforms) = preSolution
		Debug|Any CPU = Debug|Any CPU
		Release|Any CPU = Release|Any CPU
	EndGlobalSection
	GlobalSection(ProjectConfigurationPlatforms) = postSolution
		{79047F96-E8D1-4472-B82E-C7CBD12F7C8B}.Debug|Any CPU.ActiveCfg = Debug|Any CPU
		{79047F96-E8D1-4472-B82E-C7CBD12F7C8B}.Debug|Any CPU.Build.0 = Debug|Any CPU
		{79047F96-E8D1-4472-B82E-C7CBD12F7C8B}.Release|Any CPU.ActiveCfg = Release|Any CPU
		{79047F96-E8D1-4472-B82E-C7CBD12F7C8B}.Release|Any CPU.Build.0 = Release|Any CPU
		{B426C8DC-88C4-4E23-B74B-715C106ADE97}.Debug|Any CPU.ActiveCfg = Debug|Any CPU
		{B426C8DC-88C4-4E23-B74B-715C106ADE97}.Debug|Any CPU.Build.0 = Debug|Any CPU
		{B426C8DC-88C4-4E23-B74B-715C106ADE97}.Release|Any CPU.ActiveCfg = Release|Any CPU
		{B426C8DC-88C4-4E23-B74B-715C106ADE97}.Release|Any CPU.Build.0 = Release|Any CPU
	EndGlobalSection
	GlobalSection(SolutionProperties) = preSolution
		HideSolutionNode = FALSE
	EndGlobalSection
	GlobalSection(ExtensibilityGlobals) = postSolution
		SolutionGuid = {F2A3F0C5-6812-4B3F-9D88-DF4070F387DF}
	EndGlobalSection
EndGlobal
